
Microsoft Visual Studio Solution File, Format Version 12.00
# Visual Studio Version 17
VisualStudioVersion = 17.9.34701.34
MinimumVisualStudioVersion = 10.0.40219.1
Project("{9A19103F-16F7-4668-BE54-9A1E7A4F7556}") = "VectorCraft", "VectorCraft\VectorCraft.csproj", "{8B3D8E33-CE39-4164-BCD1-4F01C6EE5AE0}"
EndProject
Project("{FAE04EC0-301F-11D3-BF4B-00C04F79EFBC}") = "VectorCraft.Tests", "VectorCraftTests\VectorCraft.Tests.csproj", "{8CA9486D-E47E-4DAA-AF40-70FCFB80C9B1}"
EndProject
Project("{FAE04EC0-301F-11D3-BF4B-00C04F79EFBC}") = "VectorCalculatorApp", "VectorCalculatorApp\VectorCalculatorApp.csproj", "{79230FA6-D138-4ECB-99BC-A6FD4574E618}"
EndProject
Global
	GlobalSection(SolutionConfigurationPlatforms) = preSolution
		Debug|Any CPU = Debug|Any CPU
		Release|Any CPU = Release|Any CPU
	EndGlobalSection
	GlobalSection(ProjectConfigurationPlatforms) = postSolution
		{8B3D8E33-CE39-4164-BCD1-4F01C6EE5AE0}.Debug|Any CPU.ActiveCfg = Debug|Any CPU
		{8B3D8E33-CE39-4164-BCD1-4F01C6EE5AE0}.Debug|Any CPU.Build.0 = Debug|Any CPU
		{8B3D8E33-CE39-4164-BCD1-4F01C6EE5AE0}.Release|Any CPU.ActiveCfg = Release|Any CPU
		{8B3D8E33-CE39-4164-BCD1-4F01C6EE5AE0}.Release|Any CPU.Build.0 = Release|Any CPU
		{8CA9486D-E47E-4DAA-AF40-70FCFB80C9B1}.Debug|Any CPU.ActiveCfg = Debug|Any CPU
		{8CA9486D-E47E-4DAA-AF40-70FCFB80C9B1}.Debug|Any CPU.Build.0 = Debug|Any CPU
		{8CA9486D-E47E-4DAA-AF40-70FCFB80C9B1}.Release|Any CPU.ActiveCfg = Release|Any CPU
		{8CA9486D-E47E-4DAA-AF40-70FCFB80C9B1}.Release|Any CPU.Build.0 = Release|Any CPU
		{79230FA6-D138-4ECB-99BC-A6FD4574E618}.Debug|Any CPU.ActiveCfg = Debug|Any CPU
		{79230FA6-D138-4ECB-99BC-A6FD4574E618}.Debug|Any CPU.Build.0 = Debug|Any CPU
		{79230FA6-D138-4ECB-99BC-A6FD4574E618}.Release|Any CPU.ActiveCfg = Release|Any CPU
		{79230FA6-D138-4ECB-99BC-A6FD4574E618}.Release|Any CPU.Build.0 = Release|Any CPU
	EndGlobalSection
	GlobalSection(SolutionProperties) = preSolution
		HideSolutionNode = FALSE
	EndGlobalSection
	GlobalSection(ExtensibilityGlobals) = postSolution
		SolutionGuid = {075BD52F-BDEE-4667-A5ED-628F00042CC2}
	EndGlobalSection
EndGlobal
